
Microsoft Visual Studio Solution File, Format Version 12.00
# Visual Studio Version 17
VisualStudioVersion = 17.5.33424.131
MinimumVisualStudioVersion = 10.0.40219.1
Project("{FAE04EC0-301F-11D3-BF4B-00C04F79EFBC}") = "Özdevinimci", "Özdevinimci\Özdevinimci.csproj", "{A75678A5-8FA1-449B-B9C8-EFDE41317822}"
EndProject
Global
	GlobalSection(SolutionConfigurationPlatforms) = preSolution
		Debug|Any CPU = Debug|Any CPU
		Release|Any CPU = Release|Any CPU
	EndGlobalSection
	GlobalSection(ProjectConfigurationPlatforms) = postSolution
		{A75678A5-8FA1-449B-B9C8-EFDE41317822}.Debug|Any CPU.ActiveCfg = Debug|Any CPU
		{A75678A5-8FA1-449B-B9C8-EFDE41317822}.Debug|Any CPU.Build.0 = Debug|Any CPU
		{A75678A5-8FA1-449B-B9C8-EFDE41317822}.Release|Any CPU.ActiveCfg = Release|Any CPU
		{A75678A5-8FA1-449B-B9C8-EFDE41317822}.Release|Any CPU.Build.0 = Release|Any CPU
	EndGlobalSection
	GlobalSection(SolutionProperties) = preSolution
		HideSolutionNode = FALSE
	EndGlobalSection
	GlobalSection(ExtensibilityGlobals) = postSolution
		SolutionGuid = {2DE81035-E593-4314-BCBE-3046796594F1}
	EndGlobalSection
EndGlobal
